// !$*UTF8*$!
{
	archiveVersion = 1;
	classes = {
	};
	objectVersion = 50;
	objects = {

/* Begin PBXBuildFile section */
		C9C7A4BC24760E580029B884 /* AppDelegate.swift in Sources */ = {isa = PBXBuildFile; fileRef = C9C7A4BB24760E580029B884 /* AppDelegate.swift */; };
		C9C7A4BE24760E580029B884 /* SceneDelegate.swift in Sources */ = {isa = PBXBuildFile; fileRef = C9C7A4BD24760E580029B884 /* SceneDelegate.swift */; };
		C9C7A4C324760E580029B884 /* Main.storyboard in Resources */ = {isa = PBXBuildFile; fileRef = C9C7A4C124760E580029B884 /* Main.storyboard */; };
		C9C7A4C524760E5A0029B884 /* Assets.xcassets in Resources */ = {isa = PBXBuildFile; fileRef = C9C7A4C424760E5A0029B884 /* Assets.xcassets */; };
		C9C7A4C824760E5A0029B884 /* LaunchScreen.storyboard in Resources */ = {isa = PBXBuildFile; fileRef = C9C7A4C624760E5A0029B884 /* LaunchScreen.storyboard */; };
		C9C7A4D0247618280029B884 /* ColorChangeVC.swift in Sources */ = {isa = PBXBuildFile; fileRef = C9C7A4CF247618280029B884 /* ColorChangeVC.swift */; };
/* End PBXBuildFile section */

/* Begin PBXFileReference section */
		C9C7A4B824760E580029B884 /* GuitarColorDemo.app */ = {isa = PBXFileReference; explicitFileType = wrapper.application; includeInIndex = 0; path = GuitarColorDemo.app; sourceTree = BUILT_PRODUCTS_DIR; };
		C9C7A4BB24760E580029B884 /* AppDelegate.swift */ = {isa = PBXFileReference; lastKnownFileType = sourcecode.swift; path = AppDelegate.swift; sourceTree = "<group>"; };
		C9C7A4BD24760E580029B884 /* SceneDelegate.swift */ = {isa = PBXFileReference; lastKnownFileType = sourcecode.swift; path = SceneDelegate.swift; sourceTree = "<group>"; };
		C9C7A4C224760E580029B884 /* Base */ = {isa = PBXFileReference; lastKnownFileType = file.storyboard; name = Base; path = Base.lproj/Main.storyboard; sourceTree = "<group>"; };
		C9C7A4C424760E5A0029B884 /* Assets.xcassets */ = {isa = PBXFileReference; lastKnownFileType = folder.assetcatalog; path = Assets.xcassets; sourceTree = "<group>"; };
		C9C7A4C724760E5A0029B884 /* Base */ = {isa = PBXFileReference; lastKnownFileType = file.storyboard; name = Base; path = Base.lproj/LaunchScreen.storyboard; sourceTree = "<group>"; };
		C9C7A4C924760E5A0029B884 /* Info.plist */ = {isa = PBXFileReference; lastKnownFileType = text.plist.xml; path = Info.plist; sourceTree = "<group>"; };
		C9C7A4CF247618280029B884 /* ColorChangeVC.swift */ = {isa = PBXFileReference; lastKnownFileType = sourcecode.swift; path = ColorChangeVC.swift; sourceTree = "<group>"; };
/* End PBXFileReference section */

/* Begin PBXFrameworksBuildPhase section */
		C9C7A4B524760E580029B884 /* Frameworks */ = {
			isa = PBXFrameworksBuildPhase;
			buildActionMask = 2147483647;
			files = (
			);
			runOnlyForDeploymentPostprocessing = 0;
		};
/* End PBXFrameworksBuildPhase section */

/* Begin PBXGroup section */
		C9C7A4AF24760E580029B884 = {
			isa = PBXGroup;
			children = (
				C9C7A4BA24760E580029B884 /* GuitarColorDemo */,
				C9C7A4B924760E580029B884 /* Products */,
			);
			sourceTree = "<group>";
		};
		C9C7A4B924760E580029B884 /* Products */ = {
			isa = PBXGroup;
			children = (
				C9C7A4B824760E580029B884 /* GuitarColorDemo.app */,
			);
			name = Products;
			sourceTree = "<group>";
		};
		C9C7A4BA24760E580029B884 /* GuitarColorDemo */ = {
			isa = PBXGroup;
			children = (
				C9C7A4BB24760E580029B884 /* AppDelegate.swift */,
				C9C7A4BD24760E580029B884 /* SceneDelegate.swift */,
				C9C7A4CF247618280029B884 /* ColorChangeVC.swift */,
				C9C7A4C124760E580029B884 /* Main.storyboard */,
				C9C7A4C424760E5A0029B884 /* Assets.xcassets */,
				C9C7A4C624760E5A0029B884 /* LaunchScreen.storyboard */,
				C9C7A4C924760E5A0029B884 /* Info.plist */,
			);
			path = GuitarColorDemo;
			sourceTree = "<group>";
		};
/* End PBXGroup section */

/* Begin PBXNativeTarget section */
		C9C7A4B724760E580029B884 /* GuitarColorDemo */ = {
			isa = PBXNativeTarget;
			buildConfigurationList = C9C7A4CC24760E5A0029B884 /* Build configuration list for PBXNativeTarget "GuitarColorDemo" */;
			buildPhases = (
				C9C7A4B424760E580029B884 /* Sources */,
				C9C7A4B524760E580029B884 /* Frameworks */,
				C9C7A4B624760E580029B884 /* Resources */,
			);
			buildRules = (
			);
			dependencies = (
			);
			name = GuitarColorDemo;
			productName = 0521demo;
			productReference = C9C7A4B824760E580029B884 /* GuitarColorDemo.app */;
			productType = "com.apple.product-type.application";
		};
/* End PBXNativeTarget section */

/* Begin PBXProject section */
		C9C7A4B024760E580029B884 /* Project object */ = {
			isa = PBXProject;
			attributes = {
				LastSwiftUpdateCheck = 1140;
				LastUpgradeCheck = 1140;
				ORGANIZATIONNAME = Cash;
				TargetAttributes = {
					C9C7A4B724760E580029B884 = {
						CreatedOnToolsVersion = 11.4.1;
					};
				};
			};
			buildConfigurationList = C9C7A4B324760E580029B884 /* Build configuration list for PBXProject "GuitarColorDemo" */;
			compatibilityVersion = "Xcode 9.3";
			developmentRegion = en;
			hasScannedForEncodings = 0;
			knownRegions = (
				en,
				Base,
			);
			mainGroup = C9C7A4AF24760E580029B884;
			productRefGroup = C9C7A4B924760E580029B884 /* Products */;
			projectDirPath = "";
			projectRoot = "";
			targets = (
				C9C7A4B724760E580029B884 /* GuitarColorDemo */,
			);
		};
/* End PBXProject section */

/* Begin PBXResourcesBuildPhase section */
		C9C7A4B624760E580029B884 /* Resources */ = {
			isa = PBXResourcesBuildPhase;
			buildActionMask = 2147483647;
			files = (
				C9C7A4C824760E5A0029B884 /* LaunchScreen.storyboard in Resources */,
				C9C7A4C524760E5A0029B884 /* Assets.xcassets in Resources */,
				C9C7A4C324760E580029B884 /* Main.storyboard in Resources */,
			);
			runOnlyForDeploymentPostprocessing = 0;
		};
/* End PBXResourcesBuildPhase section */

/* Begin PBXSourcesBuildPhase section */
		C9C7A4B424760E580029B884 /* Sources */ = {
			isa = PBXSourcesBuildPhase;
			buildActionMask = 2147483647;
			files = (
				C9C7A4D0247618280029B884 /* ColorChangeVC.swift in Sources */,
				C9C7A4BC24760E580029B884 /* AppDelegate.swift in Sources */,
				C9C7A4BE24760E580029B884 /* SceneDelegate.swift in Sources */,
			);
			runOnlyForDeploymentPostprocessing = 0;
		};
/* End PBXSourcesBuildPhase section */

/* Begin PBXVariantGroup section */
		C9C7A4C124760E580029B884 /* Main.storyboard */ = {
			isa = PBXVariantGroup;
			children = (
				C9C7A4C224760E580029B884 /* Base */,
			);
			name = Main.storyboard;
			sourceTree = "<group>";
		};
		C9C7A4C624760E5A0029B884 /* LaunchScreen.storyboard */ = {
			isa = PBXVariantGroup;
			children = (
				C9C7A4C724760E5A0029B884 /* Base */,
			);
			name = LaunchScreen.storyboard;
			sourceTree = "<group>";
		};
/* End PBXVariantGroup section */

/* Begin XCBuildConfiguration section */
		C9C7A4CA24760E5A0029B884 /* Debug */ = {
			isa = XCBuildConfiguration;
			buildSettings = {
				ALWAYS_SEARCH_USER_PATHS = NO;
				CLANG_ANALYZER_NONNULL = YES;
				CLANG_ANALYZER_NUMBER_OBJECT_CONVERSION = YES_AGGRESSIVE;
				CLANG_CXX_LANGUAGE_STANDARD = "gnu++14";
				CLANG_CXX_LIBRARY = "libc++";
				CLANG_ENABLE_MODULES = YES;
				CLANG_ENABLE_OBJC_ARC = YES;
				CLANG_ENABLE_OBJC_WEAK = YES;
				CLANG_WARN_BLOCK_CAPTURE_AUTORELEASING = YES;
				CLANG_WARN_BOOL_CONVERSION = YES;
				CLANG_WARN_COMMA = YES;
				CLANG_WARN_CONSTANT_CONVERSION = YES;
				CLANG_WARN_DEPRECATED_OBJC_IMPLEMENTATIONS = YES;
				CLANG_WARN_DIRECT_OBJC_ISA_USAGE = YES_ERROR;
				CLANG_WARN_DOCUMENTATION_COMMENTS = YES;
				CLANG_WARN_EMPTY_BODY = YES;
				CLANG_WARN_ENUM_CONVERSION = YES;
				CLANG_WARN_INFINITE_RECURSION = YES;
				CLANG_WARN_INT_CONVERSION = YES;
				CLANG_WARN_NON_LITERAL_NULL_CONVERSION = YES;
				CLANG_WARN_OBJC_IMPLICIT_RETAIN_SELF = YES;
				CLANG_WARN_OBJC_LITERAL_CONVERSION = YES;
				CLANG_WARN_OBJC_ROOT_CLASS = YES_ERROR;
				CLANG_WARN_RANGE_LOOP_ANALYSIS = YES;
				CLANG_WARN_STRICT_PROTOTYPES = YES;
				CLANG_WARN_SUSPICIOUS_MOVE = YES;
				CLANG_WARN_UNGUARDED_AVAILABILITY = YES_AGGRESSIVE;
				CLANG_WARN_UNREACHABLE_CODE = YES;
				CLANG_WARN__DUPLICATE_METHOD_MATCH = YES;
				COPY_PHASE_STRIP = NO;
				DEBUG_INFORMATION_FORMAT = dwarf;
				ENABLE_STRICT_OBJC_MSGSEND = YES;
				ENABLE_TESTABILITY = YES;
				GCC_C_LANGUAGE_STANDARD = gnu11;
				GCC_DYNAMIC_NO_PIC = NO;
				GCC_NO_COMMON_BLOCKS = YES;
				GCC_OPTIMIZATION_LEVEL = 0;
				GCC_PREPROCESSOR_DEFINITIONS = (
					"DEBUG=1",
					"$(inherited)",
				);
				GCC_WARN_64_TO_32_BIT_CONVERSION = YES;
				GCC_WARN_ABOUT_RETURN_TYPE = YES_ERROR;
				GCC_WARN_UNDECLARED_SELECTOR = YES;
				GCC_WARN_UNINITIALIZED_AUTOS = YES_AGGRESSIVE;
				GCC_WARN_UNUSED_FUNCTION = YES;
				GCC_WARN_UNUSED_VARIABLE = YES;
				IPHONEOS_DEPLOYMENT_TARGET = 13.4;
				MTL_ENABLE_DEBUG_INFO = INCLUDE_SOURCE;
				MTL_FAST_MATH = YES;
				ONLY_ACTIVE_ARCH = YES;
				SDKROOT = iphoneos;
				SWIFT_ACTIVE_COMPILATION_CONDITIONS = DEBUG;
				SWIFT_OPTIMIZATION_LEVEL = "-Onone";
			};
			name = Debug;
		};
		C9C7A4CB24760E5A0029B884 /* Release */ = {
			isa = XCBuildConfiguration;
			buildSettings = {
				ALWAYS_SEARCH_USER_PATHS = NO;
				CLANG_ANALYZER_NONNULL = YES;
				CLANG_ANALYZER_NUMBER_OBJECT_CONVERSION = YES_AGGRESSIVE;
				CLANG_CXX_LANGUAGE_STANDARD = "gnu++14";
				CLANG_CXX_LIBRARY = "libc++";
				CLANG_ENABLE_MODULES = YES;
				CLANG_ENABLE_OBJC_ARC = YES;
				CLANG_ENABLE_OBJC_WEAK = YES;
				CLANG_WARN_BLOCK_CAPTURE_AUTORELEASING = YES;
				CLANG_WARN_BOOL_CONVERSION = YES;
				CLANG_WARN_COMMA = YES;
				CLANG_WARN_CONSTANT_CONVERSION = YES;
				CLANG_WARN_DEPRECATED_OBJC_IMPLEMENTATIONS = YES;
				CLANG_WARN_DIRECT_OBJC_ISA_USAGE = YES_ERROR;
				CLANG_WARN_DOCUMENTATION_COMMENTS = YES;
				CLANG_WARN_EMPTY_BODY = YES;
				CLANG_WARN_ENUM_CONVERSION = YES;
				CLANG_WARN_INFINITE_RECURSION = YES;
				CLANG_WARN_INT_CONVERSION = YES;
				CLANG_WARN_NON_LITERAL_NULL_CONVERSION = YES;
				CLANG_WARN_OBJC_IMPLICIT_RETAIN_SELF = YES;
				CLANG_WARN_OBJC_LITERAL_CONVERSION = YES;
				CLANG_WARN_OBJC_ROOT_CLASS = YES_ERROR;
				CLANG_WARN_RANGE_LOOP_ANALYSIS = YES;
				CLANG_WARN_STRICT_PROTOTYPES = YES;
				CLANG_WARN_SUSPICIOUS_MOVE = YES;
				CLANG_WARN_UNGUARDED_AVAILABILITY = YES_AGGRESSIVE;
				CLANG_WARN_UNREACHABLE_CODE = YES;
				CLANG_WARN__DUPLICATE_METHOD_MATCH = YES;
				COPY_PHASE_STRIP = NO;
				DEBUG_INFORMATION_FORMAT = "dwarf-with-dsym";
				ENABLE_NS_ASSERTIONS = NO;
				ENABLE_STRICT_OBJC_MSGSEND = YES;
				GCC_C_LANGUAGE_STANDARD = gnu11;
				GCC_NO_COMMON_BLOCKS = YES;
				GCC_WARN_64_TO_32_BIT_CONVERSION = YES;
				GCC_WARN_ABOUT_RETURN_TYPE = YES_ERROR;
				GCC_WARN_UNDECLARED_SELECTOR = YES;
				GCC_WARN_UNINITIALIZED_AUTOS = YES_AGGRESSIVE;
				GCC_WARN_UNUSED_FUNCTION = YES;
				GCC_WARN_UNUSED_VARIABLE = YES;
				IPHONEOS_DEPLOYMENT_TARGET = 13.4;
				MTL_ENABLE_DEBUG_INFO = NO;
				MTL_FAST_MATH = YES;
				SDKROOT = iphoneos;
				SWIFT_COMPILATION_MODE = wholemodule;
				SWIFT_OPTIMIZATION_LEVEL = "-O";
				VALIDATE_PRODUCT = YES;
			};
			name = Release;
		};
		C9C7A4CD24760E5A0029B884 /* Debug */ = {
			isa = XCBuildConfiguration;
			buildSettings = {
				ASSETCATALOG_COMPILER_APPICON_NAME = AppIcon;
				CODE_SIGN_STYLE = Automatic;
				INFOPLIST_FILE = GuitarColorDemo/Info.plist;
				IPHONEOS_DEPLOYMENT_TARGET = 13.5;
				LD_RUNPATH_SEARCH_PATHS = (
					"$(inherited)",
					"@executable_path/Frameworks",
				);
				PRODUCT_BUNDLE_IDENTIFIER = com.cash.GuitarColorDemo;
				PRODUCT_NAME = GuitarColorDemo;
				SWIFT_VERSION = 5.0;
				TARGETED_DEVICE_FAMILY = "1,2";
			};
			name = Debug;
		};
		C9C7A4CE24760E5A0029B884 /* Release */ = {
			isa = XCBuildConfiguration;
			buildSettings = {
				ASSETCATALOG_COMPILER_APPICON_NAME = AppIcon;
				CODE_SIGN_STYLE = Automatic;
				INFOPLIST_FILE = GuitarColorDemo/Info.plist;
				IPHONEOS_DEPLOYMENT_TARGET = 13.5;
				LD_RUNPATH_SEARCH_PATHS = (
					"$(inherited)",
					"@executable_path/Frameworks",
				);
				PRODUCT_BUNDLE_IDENTIFIER = com.cash.GuitarColorDemo;
				PRODUCT_NAME = GuitarColorDemo;
				SWIFT_VERSION = 5.0;
				TARGETED_DEVICE_FAMILY = "1,2";
			};
			name = Release;
		};
/* End XCBuildConfiguration section */

/* Begin XCConfigurationList section */
		C9C7A4B324760E580029B884 /* Build configuration list for PBXProject "GuitarColorDemo" */ = {
			isa = XCConfigurationList;
			buildConfigurations = (
				C9C7A4CA24760E5A0029B884 /* Debug */,
				C9C7A4CB24760E5A0029B884 /* Release */,
			);
			defaultConfigurationIsVisible = 0;
			defaultConfigurationName = Release;
		};
		C9C7A4CC24760E5A0029B884 /* Build configuration list for PBXNativeTarget "GuitarColorDemo" */ = {
			isa = XCConfigurationList;
			buildConfigurations = (
				C9C7A4CD24760E5A0029B884 /* Debug */,
				C9C7A4CE24760E5A0029B884 /* Release */,
			);
			defaultConfigurationIsVisible = 0;
			defaultConfigurationName = Release;
		};
/* End XCConfigurationList section */
	};
	rootObject = C9C7A4B024760E580029B884 /* Project object */;
}
